PODS:
  - AFNetworking (3.1.0):
    - AFNetworking/NSURLSession (= 3.1.0)
    - AFNetworking/Reachability (= 3.1.0)
    - AFNetworking/Security (= 3.1.0)
    - AFNetworking/Serialization (= 3.1.0)
    - AFNetworking/UIKit (= 3.1.0)
  - AFNetworking/NSURLSession (3.1.0):
    - AFNetworking/Reachability
    - AFNetworking/Security
    - AFNetworking/Serialization
  - AFNetworking/Reachability (3.1.0)
  - AFNetworking/Security (3.1.0)
  - AFNetworking/Serialization (3.1.0)
  - AFNetworking/UIKit (3.1.0):
    - AFNetworking/NSURLSession
  - DateTools (2.0.0)
  - DZNEmptyDataSet (1.8.1)
  - FDFullscreenPopGesture (1.1)
  - HexColors (2.2.1)
  - HyphenateLite_CN (3.2.2.2)
  - IQKeyboardManager (3.3.7)
  - Mantle (1.5.8):
    - Mantle/extobjc (= 1.5.8)
  - Mantle/extobjc (1.5.8)
  - Masonry (1.0.2)
  - MBProgressHUD (1.0.0)
  - MJRefresh (3.1.12)
  - NSDate-Extensions (0.0.1)
  - OpenUDID (1.0.0)
  - SDWebImage (3.8.2):
    - SDWebImage/Core (= 3.8.2)
  - SDWebImage/Core (3.8.2)
  - UITableView+FDTemplateLayoutCell (1.6)
  - UMengAnalytics-NO-IDFA (4.2.5)

DEPENDENCIES:
  - AFNetworking (~> 3.1.0)
  - DateTools
  - DZNEmptyDataSet
  - FDFullscreenPopGesture (= 1.1)
  - HexColors (~> 2.2.1)
  - HyphenateLite_CN (~> 3.2.2.2)
  - IQKeyboardManager (~> 3.3.7)
  - Mantle (~> 1.5.4)
  - Masonry (~> 1.0.1)
  - MBProgressHUD (~> 1.0.0)
  - MJRefresh (~> 3.1.12)
  - NSDate-Extensions (~> 0.0.1)
  - OpenUDID (~> 1.0.0)
  - SDWebImage (~> 3.8.1)
  - UITableView+FDTemplateLayoutCell
  - UMengAnalytics-NO-IDFA

SPEC CHECKSUMS:
  AFNetworking: 5e0e199f73d8626b11e79750991f5d173d1f8b67
  DateTools: 933ac9c490f21f92127cf690ccd8c397e0126caf
  DZNEmptyDataSet: 9525833b9e68ac21c30253e1d3d7076cc828eaa7
  FDFullscreenPopGesture: a8a620179e3d9c40e8e00256dcee1c1a27c6d0f0
  HexColors: abfd172e329dab59888614ccba6f216cec59289d
  HyphenateLite_CN: 61b01b906d6ed88259c980522f6f346bfac96993
  IQKeyboardManager: 249c3946acf61345c18b038eb50863fe2793e3a8
  Mantle: f03b2b606c3f0cabd80214ad8a2fed6b464a7359
  Masonry: 7c429b56da9d4ee0bbb3ed77a5ea710d6a5df39e
  MBProgressHUD: 4890f671c94e8a0f3cf959aa731e9de2f036d71a
  MJRefresh: b96cdb21c4aa75a7b07654311ab2f315c497e806
  NSDate-Extensions: cbd68ecf5cf8a150644e184b4521d7734fea5ace
  OpenUDID: e7cb6984c7304906ad20f3a36bf087b025896b6b
  SDWebImage: 098e97e6176540799c27e804c96653ee0833d13c
  UITableView+FDTemplateLayoutCell: 5c949b4a5059c404b442926c0e80f81d10a2d66f
  UMengAnalytics-NO-IDFA: 16666e32edce5be44ae5b14aaaa7f3582e09d6ab

PODFILE CHECKSUM: d67038fd9d343d36c3d5a675e57979353ec84578

COCOAPODS: 1.0.1
